
Microsoft Visual Studio Solution File, Format Version 12.00
# Visual Studio Version 17
VisualStudioVersion = 17.5.002.0
MinimumVisualStudioVersion = 10.0.40219.1
Project("{9A19103F-16F7-4668-BE54-9A1E7A4F7556}") = "back", "back.csproj", "{3016DAF3-9646-411C-ABB8-367593492D46}"
EndProject
Global
	GlobalSection(SolutionConfigurationPlatforms) = preSolution
		Debug|Any CPU = Debug|Any CPU
		Release|Any CPU = Release|Any CPU
	EndGlobalSection
	GlobalSection(ProjectConfigurationPlatforms) = postSolution
		{3016DAF3-9646-411C-ABB8-367593492D46}.Debug|Any CPU.ActiveCfg = Debug|Any CPU
		{3016DAF3-9646-411C-ABB8-367593492D46}.Debug|Any CPU.Build.0 = Debug|Any CPU
		{3016DAF3-9646-411C-ABB8-367593492D46}.Release|Any CPU.ActiveCfg = Release|Any CPU
		{3016DAF3-9646-411C-ABB8-367593492D46}.Release|Any CPU.Build.0 = Release|Any CPU
	EndGlobalSection
	GlobalSection(SolutionProperties) = preSolution
		HideSolutionNode = FALSE
	EndGlobalSection
	GlobalSection(ExtensibilityGlobals) = postSolution
		SolutionGuid = {782972B0-213B-4359-A2A8-0757353E9F73}
	EndGlobalSection
EndGlobal
